PODS:
  - Flutter (1.0.0)
  - sdk_flutter (0.0.1):
    - Flutter

DEPENDENCIES:
  - Flutter (from `Flutter`)
  - sdk_flutter (from `.symlinks/plugins/sdk_flutter/ios`)

EXTERNAL SOURCES:
  Flutter:
    :path: Flutter
  sdk_flutter:
    :path: ".symlinks/plugins/sdk_flutter/ios"

SPEC CHECKSUMS:
  Flutter: 71a624a5bc0c04062bf19101d501e466baf2fb47
  sdk_flutter: 1034b19b90c3910e7d1fc4b0c3ffd454ea3ab2a9

PODFILE CHECKSUM: 4c27e00d2b559f729e2150264e5f8e094e7cec57

COCOAPODS: 1.16.2
